PODS:
  - TVVLCKit (3.0.2)
  - TVVLCPlayer (1.0.2):
    - TVVLCKit

DEPENDENCIES:
  - TVVLCPlayer (from `../TVVLCPlayer.podspec`)

EXTERNAL SOURCES:
  TVVLCPlayer:
    :path: ../TVVLCPlayer.podspec

SPEC CHECKSUMS:
  TVVLCKit: 178e4f82f8b57320774821384e42eaac403d2faa
  TVVLCPlayer: 3dcc9155c54cf70817b412094c8ae61ccb9e2280

PODFILE CHECKSUM: cd6e85a71192aae3fb091156c8a3ed38ed34c6f4

COCOAPODS: 1.4.0
