PODS:
  - TVVLCKit (3.0.1)
  - TVVLCPlayer (1.0.0):
    - TVVLCKit

DEPENDENCIES:
  - TVVLCPlayer (from `../TVVLCPlayer.podspec`)

EXTERNAL SOURCES:
  TVVLCPlayer:
    :path: ../TVVLCPlayer.podspec

SPEC CHECKSUMS:
  TVVLCKit: 50c5a2c0c9d59e426e577eabd8ee4f12c296b2ab
  TVVLCPlayer: 068cb8aa47206f9e08e4e80e3bb65f7d70e98589

PODFILE CHECKSUM: cd6e85a71192aae3fb091156c8a3ed38ed34c6f4

COCOAPODS: 1.4.0
